
Microsoft Visual Studio Solution File, Format Version 12.00
# Visual Studio Version 17
VisualStudioVersion = 17.6.33829.357
MinimumVisualStudioVersion = 10.0.40219.1
Project("{FAE04EC0-301F-11D3-BF4B-00C04F79EFBC}") = "Design Pattern 2", "Design Pattern 2.csproj", "{5DD6F560-7D63-4A3A-8ACE-0A5A411238D9}"
EndProject
Global
	GlobalSection(SolutionConfigurationPlatforms) = preSolution
		Debug|Any CPU = Debug|Any CPU
		Release|Any CPU = Release|Any CPU
	EndGlobalSection
	GlobalSection(ProjectConfigurationPlatforms) = postSolution
		{5DD6F560-7D63-4A3A-8ACE-0A5A411238D9}.Debug|Any CPU.ActiveCfg = Debug|Any CPU
		{5DD6F560-7D63-4A3A-8ACE-0A5A411238D9}.Debug|Any CPU.Build.0 = Debug|Any CPU
		{5DD6F560-7D63-4A3A-8ACE-0A5A411238D9}.Release|Any CPU.ActiveCfg = Release|Any CPU
		{5DD6F560-7D63-4A3A-8ACE-0A5A411238D9}.Release|Any CPU.Build.0 = Release|Any CPU
	EndGlobalSection
	GlobalSection(SolutionProperties) = preSolution
		HideSolutionNode = FALSE
	EndGlobalSection
	GlobalSection(ExtensibilityGlobals) = postSolution
		SolutionGuid = {B09CE90D-30B8-4551-B7C7-1E621348A3C6}
	EndGlobalSection
EndGlobal
