
Microsoft Visual Studio Solution File, Format Version 12.00
# Visual Studio Version 17
VisualStudioVersion = 17.6.33829.357
MinimumVisualStudioVersion = 10.0.40219.1
Project("{FAE04EC0-301F-11D3-BF4B-00C04F79EFBC}") = "Design Pattern part 3", "Design Pattern part 3.csproj", "{058C732E-88FB-467A-BC48-0D4A92E61896}"
EndProject
Global
	GlobalSection(SolutionConfigurationPlatforms) = preSolution
		Debug|Any CPU = Debug|Any CPU
		Release|Any CPU = Release|Any CPU
	EndGlobalSection
	GlobalSection(ProjectConfigurationPlatforms) = postSolution
		{058C732E-88FB-467A-BC48-0D4A92E61896}.Debug|Any CPU.ActiveCfg = Debug|Any CPU
		{058C732E-88FB-467A-BC48-0D4A92E61896}.Debug|Any CPU.Build.0 = Debug|Any CPU
		{058C732E-88FB-467A-BC48-0D4A92E61896}.Release|Any CPU.ActiveCfg = Release|Any CPU
		{058C732E-88FB-467A-BC48-0D4A92E61896}.Release|Any CPU.Build.0 = Release|Any CPU
	EndGlobalSection
	GlobalSection(SolutionProperties) = preSolution
		HideSolutionNode = FALSE
	EndGlobalSection
	GlobalSection(ExtensibilityGlobals) = postSolution
		SolutionGuid = {51A1023B-F88C-45B3-B0CD-ADC3062E6979}
	EndGlobalSection
EndGlobal
